<?xml version="1.0" encoding="utf-8"?>
<Project ToolsVersion="4.0" xmlns="http://schemas.microsoft.com/developer/msbuild/2003">
  <ItemGroup>
    <Filter Include="Source Files">
      <UniqueIdentifier>{4FC737F1-C7A5-4376-A066-2A32D752A2FF}</UniqueIdentifier>
      <Extensions>cpp;c;cc;cxx;def;odl;idl;hpj;bat;asm;asmx</Extensions>
    </Filter>
    <Filter Include="Source Files\util">
      <UniqueIdentifier>{eb3c8948-eea4-4192-a273-4790bdbb61e5}</UniqueIdentifier>
    </Filter>
    <Filter Include="Source Files\saml1">
      <UniqueIdentifier>{389aacaa-88de-476d-876a-f225d3d37ab4}</UniqueIdentifier>
    </Filter>
    <Filter Include="Source Files\saml1\core">
      <UniqueIdentifier>{c782b173-4472-453e-ac0d-e6e93d1c5cab}</UniqueIdentifier>
    </Filter>
    <Filter Include="Source Files\saml1\core\impl">
      <UniqueIdentifier>{53348108-363c-4e7c-b6d7-a3a818bc1a69}</UniqueIdentifier>
    </Filter>
    <Filter Include="Source Files\saml1\binding">
      <UniqueIdentifier>{78714f97-dad4-485c-a020-129a7082786f}</UniqueIdentifier>
    </Filter>
    <Filter Include="Source Files\saml1\binding\impl">
      <UniqueIdentifier>{478fa0a2-5001-41a7-b52e-5f274db46d9b}</UniqueIdentifier>
    </Filter>
    <Filter Include="Source Files\saml1\profile">
      <UniqueIdentifier>{bc4240c6-7dcc-429f-ba64-bea1992e24ab}</UniqueIdentifier>
    </Filter>
    <Filter Include="Source Files\saml1\profile\impl">
      <UniqueIdentifier>{2d9b6933-51a5-4ee9-9d9e-664b15e0bd72}</UniqueIdentifier>
    </Filter>
    <Filter Include="Source Files\signature">
      <UniqueIdentifier>{86f5b031-9bdf-4007-9063-3ec8f6f08dfd}</UniqueIdentifier>
    </Filter>
    <Filter Include="Source Files\saml2">
      <UniqueIdentifier>{bd984308-9794-483f-97c9-17272c1152df}</UniqueIdentifier>
    </Filter>
    <Filter Include="Source Files\saml2\core">
      <UniqueIdentifier>{8348f312-297a-492b-a817-d6c22083c031}</UniqueIdentifier>
    </Filter>
    <Filter Include="Source Files\saml2\core\impl">
      <UniqueIdentifier>{c799ea9a-7145-4cb1-b7af-ee4355e522ed}</UniqueIdentifier>
    </Filter>
    <Filter Include="Source Files\saml2\metadata">
      <UniqueIdentifier>{738d0829-980c-426c-8159-d45535b645f1}</UniqueIdentifier>
    </Filter>
    <Filter Include="Source Files\saml2\metadata\impl">
      <UniqueIdentifier>{c9de117c-39bc-4ff2-9929-33dc1bce313f}</UniqueIdentifier>
    </Filter>
    <Filter Include="Source Files\saml2\binding">
      <UniqueIdentifier>{781c3adc-9d65-4893-9a14-770e568d6875}</UniqueIdentifier>
    </Filter>
    <Filter Include="Source Files\saml2\binding\impl">
      <UniqueIdentifier>{044ebf58-47a5-43b0-9e5b-147219c60e51}</UniqueIdentifier>
    </Filter>
    <Filter Include="Source Files\saml2\profile">
      <UniqueIdentifier>{47e78af1-70c2-4ada-b30d-a1850fd49a11}</UniqueIdentifier>
    </Filter>
    <Filter Include="Source Files\saml2\profile\impl">
      <UniqueIdentifier>{34e41534-b771-444a-a720-8bf75b75248e}</UniqueIdentifier>
    </Filter>
    <Filter Include="Source Files\encryption">
      <UniqueIdentifier>{92a6cb68-95c1-4f53-8593-77f97bc8b3ed}</UniqueIdentifier>
    </Filter>
    <Filter Include="Source Files\binding">
      <UniqueIdentifier>{a9af5881-624c-4e4d-ab4e-87e13c46b0a9}</UniqueIdentifier>
    </Filter>
    <Filter Include="Source Files\binding\impl">
      <UniqueIdentifier>{f2c38c4b-992a-4ecb-91bf-1971790f2216}</UniqueIdentifier>
    </Filter>
    <Filter Include="Source Files\profile">
      <UniqueIdentifier>{c2f33dcb-7379-4786-964c-ac2379284b70}</UniqueIdentifier>
    </Filter>
    <Filter Include="Source Files\profile\impl">
      <UniqueIdentifier>{b138073e-7590-4986-bf9d-0af95fc13f2c}</UniqueIdentifier>
    </Filter>
    <Filter Include="Header Files">
      <UniqueIdentifier>{93995380-89BD-4b04-88EB-625FBE52EBFB}</UniqueIdentifier>
      <Extensions>h;hpp;hxx;hm;inl;inc;xsd</Extensions>
    </Filter>
    <Filter Include="Header Files\util">
      <UniqueIdentifier>{370395ee-9d8a-417b-8f6d-5695294f6255}</UniqueIdentifier>
    </Filter>
    <Filter Include="Header Files\saml1">
      <UniqueIdentifier>{c092a148-4738-4745-a312-943609dba822}</UniqueIdentifier>
    </Filter>
    <Filter Include="Header Files\saml1\core">
      <UniqueIdentifier>{56c27f3a-fa46-483e-a99f-0cd1ff3866c1}</UniqueIdentifier>
    </Filter>
    <Filter Include="Header Files\saml1\binding">
      <UniqueIdentifier>{4f044deb-351b-449b-9885-c14dca4aaeaf}</UniqueIdentifier>
    </Filter>
    <Filter Include="Header Files\saml1\profile">
      <UniqueIdentifier>{b8c7e006-06dc-4cc1-acb6-7801f11baa92}</UniqueIdentifier>
    </Filter>
    <Filter Include="Header Files\signature">
      <UniqueIdentifier>{ad3727af-1c55-4895-ad7f-5e91f6c0d3e6}</UniqueIdentifier>
    </Filter>
    <Filter Include="Header Files\saml2">
      <UniqueIdentifier>{7baa4fbd-75c2-4eee-bf02-94c65a276ffe}</UniqueIdentifier>
    </Filter>
    <Filter Include="Header Files\saml2\core">
      <UniqueIdentifier>{b2d1fd71-41e2-4c4c-85e2-034f26ad20af}</UniqueIdentifier>
    </Filter>
    <Filter Include="Header Files\saml2\metadata">
      <UniqueIdentifier>{9074587e-1d8c-4499-8127-8b48de529258}</UniqueIdentifier>
    </Filter>
    <Filter Include="Header Files\saml2\binding">
      <UniqueIdentifier>{246ec309-32d5-400b-a1ca-cc397aa90b59}</UniqueIdentifier>
    </Filter>
    <Filter Include="Header Files\saml2\profile">
      <UniqueIdentifier>{1037bc46-fd4c-4b5b-8810-836a72c15da8}</UniqueIdentifier>
    </Filter>
    <Filter Include="Header Files\encryption">
      <UniqueIdentifier>{5ccaae2b-2664-4824-8044-2d208ad7de76}</UniqueIdentifier>
    </Filter>
    <Filter Include="Header Files\binding">
      <UniqueIdentifier>{d0b7eb48-61d4-4de5-8c62-47caef060aef}</UniqueIdentifier>
    </Filter>
    <Filter Include="Resource Files">
      <UniqueIdentifier>{67DA6AB6-F800-4c08-8B7A-83BB121AAD01}</UniqueIdentifier>
      <Extensions>rc;ico;cur;bmp;dlg;rc2;rct;bin;rgs;gif;jpg;jpeg;jpe;resx;tiff;tif;png;wav</Extensions>
    </Filter>
  </ItemGroup>
  <ItemGroup>
    <ClCompile Include="SAMLConfig.cpp">
      <Filter>Source Files</Filter>
    </ClCompile>
    <ClCompile Include="util\CommonDomainCookie.cpp">
      <Filter>Source Files\util</Filter>
    </ClCompile>
    <ClCompile Include="util\SAMLConstants.cpp">
      <Filter>Source Files\util</Filter>
    </ClCompile>
    <ClCompile Include="saml1\core\impl\AssertionsImpl.cpp">
      <Filter>Source Files\saml1\core\impl</Filter>
    </ClCompile>
    <ClCompile Include="saml1\core\impl\AssertionsSchemaValidators.cpp">
      <Filter>Source Files\saml1\core\impl</Filter>
    </ClCompile>
    <ClCompile Include="saml1\core\impl\ProtocolsImpl.cpp">
      <Filter>Source Files\saml1\core\impl</Filter>
    </ClCompile>
    <ClCompile Include="saml1\core\impl\ProtocolsSchemaValidators.cpp">
      <Filter>Source Files\saml1\core\impl</Filter>
    </ClCompile>
    <ClCompile Include="saml1\binding\impl\SAML1ArtifactDecoder.cpp">
      <Filter>Source Files\saml1\binding\impl</Filter>
    </ClCompile>
    <ClCompile Include="saml1\binding\impl\SAML1ArtifactEncoder.cpp">
      <Filter>Source Files\saml1\binding\impl</Filter>
    </ClCompile>
    <ClCompile Include="saml1\binding\impl\SAML1MessageDecoder.cpp">
      <Filter>Source Files\saml1\binding\impl</Filter>
    </ClCompile>
    <ClCompile Include="saml1\binding\impl\SAML1POSTDecoder.cpp">
      <Filter>Source Files\saml1\binding\impl</Filter>
    </ClCompile>
    <ClCompile Include="saml1\binding\impl\SAML1POSTEncoder.cpp">
      <Filter>Source Files\saml1\binding\impl</Filter>
    </ClCompile>
    <ClCompile Include="saml1\binding\impl\SAML1SOAPClient.cpp">
      <Filter>Source Files\saml1\binding\impl</Filter>
    </ClCompile>
    <ClCompile Include="saml1\binding\impl\SAML1SOAPDecoder.cpp">
      <Filter>Source Files\saml1\binding\impl</Filter>
    </ClCompile>
    <ClCompile Include="saml1\binding\impl\SAML1SOAPEncoder.cpp">
      <Filter>Source Files\saml1\binding\impl</Filter>
    </ClCompile>
    <ClCompile Include="saml1\binding\impl\SAMLArtifactType0001.cpp">
      <Filter>Source Files\saml1\binding\impl</Filter>
    </ClCompile>
    <ClCompile Include="saml1\binding\impl\SAMLArtifactType0002.cpp">
      <Filter>Source Files\saml1\binding\impl</Filter>
    </ClCompile>
    <ClCompile Include="saml1\profile\impl\AssertionValidator.cpp">
      <Filter>Source Files\saml1\profile\impl</Filter>
    </ClCompile>
    <ClCompile Include="saml1\profile\impl\BrowserSSOProfileValidator.cpp">
      <Filter>Source Files\saml1\profile\impl</Filter>
    </ClCompile>
    <ClCompile Include="saml1\profile\impl\SAML1BrowserSSORule.cpp">
      <Filter>Source Files\saml1\profile\impl</Filter>
    </ClCompile>
    <ClCompile Include="signature\ContentReference.cpp">
      <Filter>Source Files\signature</Filter>
    </ClCompile>
    <ClCompile Include="signature\SignatureProfileValidator.cpp">
      <Filter>Source Files\signature</Filter>
    </ClCompile>
    <ClCompile Include="saml2\core\impl\Assertions.cpp">
      <Filter>Source Files\saml2\core\impl</Filter>
    </ClCompile>
    <ClCompile Include="saml2\core\impl\Assertions20Impl.cpp">
      <Filter>Source Files\saml2\core\impl</Filter>
    </ClCompile>
    <ClCompile Include="saml2\core\impl\Assertions20SchemaValidators.cpp">
      <Filter>Source Files\saml2\core\impl</Filter>
    </ClCompile>
    <ClCompile Include="saml2\core\impl\Protocols20Impl.cpp">
      <Filter>Source Files\saml2\core\impl</Filter>
    </ClCompile>
    <ClCompile Include="saml2\core\impl\Protocols20SchemaValidators.cpp">
      <Filter>Source Files\saml2\core\impl</Filter>
    </ClCompile>
    <ClCompile Include="saml2\metadata\impl\AbstractMetadataProvider.cpp">
      <Filter>Source Files\saml2\metadata\impl</Filter>
    </ClCompile>
    <ClCompile Include="saml2\metadata\impl\BlacklistMetadataFilter.cpp">
      <Filter>Source Files\saml2\metadata\impl</Filter>
    </ClCompile>
    <ClCompile Include="saml2\metadata\impl\ChainingMetadataProvider.cpp">
      <Filter>Source Files\saml2\metadata\impl</Filter>
    </ClCompile>
    <ClCompile Include="saml2\metadata\impl\DynamicMetadataProvider.cpp">
      <Filter>Source Files\saml2\metadata\impl</Filter>
    </ClCompile>
    <ClCompile Include="saml2\metadata\impl\EntityRoleMetadataFilter.cpp">
      <Filter>Source Files\saml2\metadata\impl</Filter>
    </ClCompile>
    <ClCompile Include="saml2\metadata\impl\MetadataCredentialContext.cpp">
      <Filter>Source Files\saml2\metadata\impl</Filter>
    </ClCompile>
    <ClCompile Include="saml2\metadata\impl\MetadataCredentialCriteria.cpp">
      <Filter>Source Files\saml2\metadata\impl</Filter>
    </ClCompile>
    <ClCompile Include="saml2\metadata\impl\MetadataImpl.cpp">
      <Filter>Source Files\saml2\metadata\impl</Filter>
    </ClCompile>
    <ClCompile Include="saml2\metadata\impl\MetadataProvider.cpp">
      <Filter>Source Files\saml2\metadata\impl</Filter>
    </ClCompile>
    <ClCompile Include="saml2\metadata\impl\MetadataSchemaValidators.cpp">
      <Filter>Source Files\saml2\metadata\impl</Filter>
    </ClCompile>
    <ClCompile Include="saml2\metadata\impl\NullMetadataProvider.cpp">
      <Filter>Source Files\saml2\metadata\impl</Filter>
    </ClCompile>
    <ClCompile Include="saml2\metadata\impl\ObservableMetadataProvider.cpp">
      <Filter>Source Files\saml2\metadata\impl</Filter>
    </ClCompile>
    <ClCompile Include="saml2\metadata\impl\RequireValidUntilMetadataFilter.cpp">
      <Filter>Source Files\saml2\metadata\impl</Filter>
    </ClCompile>
    <ClCompile Include="saml2\metadata\impl\SignatureMetadataFilter.cpp">
      <Filter>Source Files\saml2\metadata\impl</Filter>
    </ClCompile>
    <ClCompile Include="saml2\metadata\impl\WhitelistMetadataFilter.cpp">
      <Filter>Source Files\saml2\metadata\impl</Filter>
    </ClCompile>
    <ClCompile Include="saml2\metadata\impl\XMLMetadataProvider.cpp">
      <Filter>Source Files\saml2\metadata\impl</Filter>
    </ClCompile>
    <ClCompile Include="saml2\binding\impl\SAML2Artifact.cpp">
      <Filter>Source Files\saml2\binding\impl</Filter>
    </ClCompile>
    <ClCompile Include="saml2\binding\impl\SAML2ArtifactDecoder.cpp">
      <Filter>Source Files\saml2\binding\impl</Filter>
    </ClCompile>
    <ClCompile Include="saml2\binding\impl\SAML2ArtifactEncoder.cpp">
      <Filter>Source Files\saml2\binding\impl</Filter>
    </ClCompile>
    <ClCompile Include="saml2\binding\impl\SAML2ArtifactType0004.cpp">
      <Filter>Source Files\saml2\binding\impl</Filter>
    </ClCompile>
    <ClCompile Include="saml2\binding\impl\SAML2ECPDecoder.cpp">
      <Filter>Source Files\saml2\binding\impl</Filter>
    </ClCompile>
    <ClCompile Include="saml2\binding\impl\SAML2ECPEncoder.cpp">
      <Filter>Source Files\saml2\binding\impl</Filter>
    </ClCompile>
    <ClCompile Include="saml2\binding\impl\SAML2MessageDecoder.cpp">
      <Filter>Source Files\saml2\binding\impl</Filter>
    </ClCompile>
    <ClCompile Include="saml2\binding\impl\SAML2POSTDecoder.cpp">
      <Filter>Source Files\saml2\binding\impl</Filter>
    </ClCompile>
    <ClCompile Include="saml2\binding\impl\SAML2POSTEncoder.cpp">
      <Filter>Source Files\saml2\binding\impl</Filter>
    </ClCompile>
    <ClCompile Include="saml2\binding\impl\SAML2Redirect.cpp">
      <Filter>Source Files\saml2\binding\impl</Filter>
    </ClCompile>
    <ClCompile Include="saml2\binding\impl\SAML2RedirectDecoder.cpp">
      <Filter>Source Files\saml2\binding\impl</Filter>
    </ClCompile>
    <ClCompile Include="saml2\binding\impl\SAML2RedirectEncoder.cpp">
      <Filter>Source Files\saml2\binding\impl</Filter>
    </ClCompile>
    <ClCompile Include="saml2\binding\impl\SAML2SOAPClient.cpp">
      <Filter>Source Files\saml2\binding\impl</Filter>
    </ClCompile>
    <ClCompile Include="saml2\binding\impl\SAML2SOAPDecoder.cpp">
      <Filter>Source Files\saml2\binding\impl</Filter>
    </ClCompile>
    <ClCompile Include="saml2\binding\impl\SAML2SOAPEncoder.cpp">
      <Filter>Source Files\saml2\binding\impl</Filter>
    </ClCompile>
    <ClCompile Include="saml2\profile\impl\Assertion20Validator.cpp">
      <Filter>Source Files\saml2\profile\impl</Filter>
    </ClCompile>
    <ClCompile Include="saml2\profile\impl\BearerConfirmationRule.cpp">
      <Filter>Source Files\saml2\profile\impl</Filter>
    </ClCompile>
    <ClCompile Include="saml2\profile\impl\BrowserSSOProfile20Validator.cpp">
      <Filter>Source Files\saml2\profile\impl</Filter>
    </ClCompile>
    <ClCompile Include="saml2\profile\impl\DelegationRestrictionRule.cpp">
      <Filter>Source Files\saml2\profile\impl</Filter>
    </ClCompile>
    <ClCompile Include="saml2\profile\impl\SAML2AssertionPolicy.cpp">
      <Filter>Source Files\saml2\profile\impl</Filter>
    </ClCompile>
    <ClCompile Include="encryption\EncryptedKeyResolver.cpp">
      <Filter>Source Files\encryption</Filter>
    </ClCompile>
    <ClCompile Include="binding\impl\ArtifactMap.cpp">
      <Filter>Source Files\binding\impl</Filter>
    </ClCompile>
    <ClCompile Include="binding\impl\ClientCertAuthRule.cpp">
      <Filter>Source Files\binding\impl</Filter>
    </ClCompile>
    <ClCompile Include="binding\impl\MessageDecoder.cpp">
      <Filter>Source Files\binding\impl</Filter>
    </ClCompile>
    <ClCompile Include="binding\impl\MessageEncoder.cpp">
      <Filter>Source Files\binding\impl</Filter>
    </ClCompile>
    <ClCompile Include="binding\impl\MessageFlowRule.cpp">
      <Filter>Source Files\binding\impl</Filter>
    </ClCompile>
    <ClCompile Include="binding\impl\NullSecurityRule.cpp">
      <Filter>Source Files\binding\impl</Filter>
    </ClCompile>
    <ClCompile Include="binding\impl\SAMLArtifact.cpp">
      <Filter>Source Files\binding\impl</Filter>
    </ClCompile>
    <ClCompile Include="binding\impl\SecurityPolicy.cpp">
      <Filter>Source Files\binding\impl</Filter>
    </ClCompile>
    <ClCompile Include="binding\impl\SimpleSigningRule.cpp">
      <Filter>Source Files\binding\impl</Filter>
    </ClCompile>
    <ClCompile Include="binding\impl\SOAPClient.cpp">
      <Filter>Source Files\binding\impl</Filter>
    </ClCompile>
    <ClCompile Include="binding\impl\XMLSigningRule.cpp">
      <Filter>Source Files\binding\impl</Filter>
    </ClCompile>
    <ClCompile Include="profile\impl\AudienceRestrictionRule.cpp">
      <Filter>Source Files\profile\impl</Filter>
    </ClCompile>
    <ClCompile Include="profile\impl\ConditionsRule.cpp">
      <Filter>Source Files\profile\impl</Filter>
    </ClCompile>
    <ClCompile Include="profile\impl\IgnoreRule.cpp">
      <Filter>Source Files\profile\impl</Filter>
    </ClCompile>
    <ClCompile Include="saml2\metadata\impl\DiscoverableMetadataProvider.cpp">
      <Filter>Source Files\saml2\metadata\impl</Filter>
    </ClCompile>
    <ClCompile Include="version.cpp">
      <Filter>Source Files</Filter>
    </ClCompile>
    <ClCompile Include="saml2\metadata\impl\FolderMetadataProvider.cpp">
      <Filter>Source Files\saml2\metadata\impl</Filter>
    </ClCompile>
  </ItemGroup>
  <ItemGroup>
    <ClInclude Include="Assertion.h">
      <Filter>Header Files</Filter>
    </ClInclude>
    <ClInclude Include="base.h">
      <Filter>Header Files</Filter>
    </ClInclude>
    <ClInclude Include="exceptions.h">
      <Filter>Header Files</Filter>
    </ClInclude>
    <ClInclude Include="internal.h">
      <Filter>Header Files</Filter>
    </ClInclude>
    <ClInclude Include="RootObject.h">
      <Filter>Header Files</Filter>
    </ClInclude>
    <ClInclude Include="SAMLConfig.h">
      <Filter>Header Files</Filter>
    </ClInclude>
    <ClInclude Include="version.h">
      <Filter>Header Files</Filter>
    </ClInclude>
    <ClInclude Include="util\CommonDomainCookie.h">
      <Filter>Header Files\util</Filter>
    </ClInclude>
    <ClInclude Include="util\SAMLConstants.h">
      <Filter>Header Files\util</Filter>
    </ClInclude>
    <ClInclude Include="saml1\core\Assertions.h">
      <Filter>Header Files\saml1\core</Filter>
    </ClInclude>
    <ClInclude Include="saml1\core\Protocols.h">
      <Filter>Header Files\saml1\core</Filter>
    </ClInclude>
    <ClInclude Include="saml1\binding\SAML1MessageDecoder.h">
      <Filter>Header Files\saml1\binding</Filter>
    </ClInclude>
    <ClInclude Include="saml1\binding\SAML1SOAPClient.h">
      <Filter>Header Files\saml1\binding</Filter>
    </ClInclude>
    <ClInclude Include="saml1\binding\SAMLArtifactType0001.h">
      <Filter>Header Files\saml1\binding</Filter>
    </ClInclude>
    <ClInclude Include="saml1\binding\SAMLArtifactType0002.h">
      <Filter>Header Files\saml1\binding</Filter>
    </ClInclude>
    <ClInclude Include="saml1\profile\AssertionValidator.h">
      <Filter>Header Files\saml1\profile</Filter>
    </ClInclude>
    <ClInclude Include="saml1\profile\BrowserSSOProfileValidator.h">
      <Filter>Header Files\saml1\profile</Filter>
    </ClInclude>
    <ClInclude Include="signature\ContentReference.h">
      <Filter>Header Files\signature</Filter>
    </ClInclude>
    <ClInclude Include="signature\SignableObject.h">
      <Filter>Header Files\signature</Filter>
    </ClInclude>
    <ClInclude Include="signature\SignatureProfileValidator.h">
      <Filter>Header Files\signature</Filter>
    </ClInclude>
    <ClInclude Include="saml2\core\Assertions.h">
      <Filter>Header Files\saml2\core</Filter>
    </ClInclude>
    <ClInclude Include="saml2\core\Protocols.h">
      <Filter>Header Files\saml2\core</Filter>
    </ClInclude>
    <ClInclude Include="saml2\metadata\AbstractMetadataProvider.h">
      <Filter>Header Files\saml2\metadata</Filter>
    </ClInclude>
    <ClInclude Include="saml2\metadata\DynamicMetadataProvider.h">
      <Filter>Header Files\saml2\metadata</Filter>
    </ClInclude>
    <ClInclude Include="saml2\metadata\EndpointManager.h">
      <Filter>Header Files\saml2\metadata</Filter>
    </ClInclude>
    <ClInclude Include="saml2\metadata\Metadata.h">
      <Filter>Header Files\saml2\metadata</Filter>
    </ClInclude>
    <ClInclude Include="saml2\metadata\MetadataCredentialContext.h">
      <Filter>Header Files\saml2\metadata</Filter>
    </ClInclude>
    <ClInclude Include="saml2\metadata\MetadataCredentialCriteria.h">
      <Filter>Header Files\saml2\metadata</Filter>
    </ClInclude>
    <ClInclude Include="saml2\metadata\MetadataFilter.h">
      <Filter>Header Files\saml2\metadata</Filter>
    </ClInclude>
    <ClInclude Include="saml2\metadata\MetadataProvider.h">
      <Filter>Header Files\saml2\metadata</Filter>
    </ClInclude>
    <ClInclude Include="saml2\metadata\ObservableMetadataProvider.h">
      <Filter>Header Files\saml2\metadata</Filter>
    </ClInclude>
    <ClInclude Include="saml2\binding\SAML2Artifact.h">
      <Filter>Header Files\saml2\binding</Filter>
    </ClInclude>
    <ClInclude Include="saml2\binding\SAML2ArtifactType0004.h">
      <Filter>Header Files\saml2\binding</Filter>
    </ClInclude>
    <ClInclude Include="saml2\binding\SAML2MessageDecoder.h">
      <Filter>Header Files\saml2\binding</Filter>
    </ClInclude>
    <ClInclude Include="saml2\binding\SAML2Redirect.h">
      <Filter>Header Files\saml2\binding</Filter>
    </ClInclude>
    <ClInclude Include="saml2\binding\SAML2SOAPClient.h">
      <Filter>Header Files\saml2\binding</Filter>
    </ClInclude>
    <ClInclude Include="saml2\profile\AssertionValidator.h">
      <Filter>Header Files\saml2\profile</Filter>
    </ClInclude>
    <ClInclude Include="saml2\profile\BrowserSSOProfileValidator.h">
      <Filter>Header Files\saml2\profile</Filter>
    </ClInclude>
    <ClInclude Include="saml2\profile\SAML2AssertionPolicy.h">
      <Filter>Header Files\saml2\profile</Filter>
    </ClInclude>
    <ClInclude Include="encryption\EncryptedKeyResolver.h">
      <Filter>Header Files\encryption</Filter>
    </ClInclude>
    <ClInclude Include="binding\ArtifactMap.h">
      <Filter>Header Files\binding</Filter>
    </ClInclude>
    <ClInclude Include="binding\MessageDecoder.h">
      <Filter>Header Files\binding</Filter>
    </ClInclude>
    <ClInclude Include="binding\MessageEncoder.h">
      <Filter>Header Files\binding</Filter>
    </ClInclude>
    <ClInclude Include="binding\SAMLArtifact.h">
      <Filter>Header Files\binding</Filter>
    </ClInclude>
    <ClInclude Include="binding\SecurityPolicy.h">
      <Filter>Header Files\binding</Filter>
    </ClInclude>
    <ClInclude Include="binding\SecurityPolicyRule.h">
      <Filter>Header Files\binding</Filter>
    </ClInclude>
    <ClInclude Include="binding\SOAPClient.h">
      <Filter>Header Files\binding</Filter>
    </ClInclude>
    <ClInclude Include="saml2\metadata\DiscoverableMetadataProvider.h">
      <Filter>Header Files\saml2\metadata</Filter>
    </ClInclude>
  </ItemGroup>
  <ItemGroup>
    <ResourceCompile Include="saml.rc">
      <Filter>Resource Files</Filter>
    </ResourceCompile>
  </ItemGroup>
  <ItemGroup>
    <None Include="Makefile.am" />
  </ItemGroup>
</Project>